
Microsoft Visual Studio Solution File, Format Version 12.00
# Visual Studio Version 16
VisualStudioVersion = 16.0.32106.194
MinimumVisualStudioVersion = 10.0.40219.1
Project("{FAE04EC0-301F-11D3-BF4B-00C04F79EFBC}") = "Czas Pracy", "Czas Pracy.csproj", "{BEEF004F-EDBE-4710-926D-E4F3CFBAC5F2}"
EndProject
Global
	GlobalSection(SolutionConfigurationPlatforms) = preSolution
		Debug|Any CPU = Debug|Any CPU
		Release|Any CPU = Release|Any CPU
	EndGlobalSection
	GlobalSection(ProjectConfigurationPlatforms) = postSolution
		{BEEF004F-EDBE-4710-926D-E4F3CFBAC5F2}.Debug|Any CPU.ActiveCfg = Debug|Any CPU
		{BEEF004F-EDBE-4710-926D-E4F3CFBAC5F2}.Debug|Any CPU.Build.0 = Debug|Any CPU
		{BEEF004F-EDBE-4710-926D-E4F3CFBAC5F2}.Release|Any CPU.ActiveCfg = Release|Any CPU
		{BEEF004F-EDBE-4710-926D-E4F3CFBAC5F2}.Release|Any CPU.Build.0 = Release|Any CPU
	EndGlobalSection
	GlobalSection(SolutionProperties) = preSolution
		HideSolutionNode = FALSE
	EndGlobalSection
	GlobalSection(ExtensibilityGlobals) = postSolution
		SolutionGuid = {18CE0B2B-F8AD-4767-9CEF-54BF905F90B0}
	EndGlobalSection
EndGlobal
